
Microsoft Visual Studio Solution File, Format Version 12.00
# Visual Studio Version 16
VisualStudioVersion = 16.0.32002.261
MinimumVisualStudioVersion = 10.0.40219.1
Project("{FAE04EC0-301F-11D3-BF4B-00C04F79EFBC}") = "OOP", "OOP.csproj", "{FA2236B4-8372-4BA3-877E-29B59F804351}"
EndProject
Global
	GlobalSection(SolutionConfigurationPlatforms) = preSolution
		Debug|Any CPU = Debug|Any CPU
		Release|Any CPU = Release|Any CPU
	EndGlobalSection
	GlobalSection(ProjectConfigurationPlatforms) = postSolution
		{FA2236B4-8372-4BA3-877E-29B59F804351}.Debug|Any CPU.ActiveCfg = Debug|Any CPU
		{FA2236B4-8372-4BA3-877E-29B59F804351}.Debug|Any CPU.Build.0 = Debug|Any CPU
		{FA2236B4-8372-4BA3-877E-29B59F804351}.Release|Any CPU.ActiveCfg = Release|Any CPU
		{FA2236B4-8372-4BA3-877E-29B59F804351}.Release|Any CPU.Build.0 = Release|Any CPU
	EndGlobalSection
	GlobalSection(SolutionProperties) = preSolution
		HideSolutionNode = FALSE
	EndGlobalSection
	GlobalSection(ExtensibilityGlobals) = postSolution
		SolutionGuid = {213EA02D-9FBB-4F84-8FCC-6C87CDB3885B}
	EndGlobalSection
EndGlobal
